// !$*UTF8*$!
{
	archiveVersion = 1;
	classes = {
	};
	objectVersion = 48;
	objects = {

/* Begin PBXBuildFile section */
		2809FABB2049F4D800C1A8FD /* codeIsComing.png in Resources */ = {isa = PBXBuildFile; fileRef = 2809FAB82049F4D800C1A8FD /* codeIsComing.png */; };
		2809FABC2049F4D800C1A8FD /* lannister.jpg in Resources */ = {isa = PBXBuildFile; fileRef = 2809FAB92049F4D800C1A8FD /* lannister.jpg */; };
		2809FABD2049F4D800C1A8FD /* targaryenSmall.jpg in Resources */ = {isa = PBXBuildFile; fileRef = 2809FABA2049F4D800C1A8FD /* targaryenSmall.jpg */; };
		2809FAC12049F98800C1A8FD /* HouseDetailViewController.swift in Sources */ = {isa = PBXBuildFile; fileRef = 2809FABF2049F98800C1A8FD /* HouseDetailViewController.swift */; };
		2809FAC22049F98800C1A8FD /* HouseDetailViewController.xib in Resources */ = {isa = PBXBuildFile; fileRef = 2809FAC02049F98800C1A8FD /* HouseDetailViewController.xib */; };
		2809FAC8204DD88500C1A8FD /* UIViewController+Additions.swift in Sources */ = {isa = PBXBuildFile; fileRef = 2809FAC7204DD88500C1A8FD /* UIViewController+Additions.swift */; };
		2809FACA204DDCFA00C1A8FD /* RepositoryTests.swift in Sources */ = {isa = PBXBuildFile; fileRef = 2809FAC9204DDCFA00C1A8FD /* RepositoryTests.swift */; };
		2809FACC204DDDF100C1A8FD /* Repository.swift in Sources */ = {isa = PBXBuildFile; fileRef = 2809FACB204DDDF100C1A8FD /* Repository.swift */; };
		282722C1204F4D090077A9A7 /* WikiViewController.swift in Sources */ = {isa = PBXBuildFile; fileRef = 282722BF204F4D090077A9A7 /* WikiViewController.swift */; };
		282722C2204F4D090077A9A7 /* WikiViewController.xib in Resources */ = {isa = PBXBuildFile; fileRef = 282722C0204F4D090077A9A7 /* WikiViewController.xib */; };
		282722C52050705F0077A9A7 /* HouseListTableViewController.swift in Sources */ = {isa = PBXBuildFile; fileRef = 282722C32050705F0077A9A7 /* HouseListTableViewController.swift */; };
		282722C62050705F0077A9A7 /* HouseListTableViewController.xib in Resources */ = {isa = PBXBuildFile; fileRef = 282722C42050705F0077A9A7 /* HouseListTableViewController.xib */; };
		282722C92051D6090077A9A7 /* MemberListViewController.swift in Sources */ = {isa = PBXBuildFile; fileRef = 282722C72051D6090077A9A7 /* MemberListViewController.swift */; };
		282722CA2051D6090077A9A7 /* MemberListViewController.xib in Resources */ = {isa = PBXBuildFile; fileRef = 282722C82051D6090077A9A7 /* MemberListViewController.xib */; };
		286F08B32059B83A006D9E25 /* SeasonTests.swift in Sources */ = {isa = PBXBuildFile; fileRef = 286F08B22059B83A006D9E25 /* SeasonTests.swift */; };
		286F08B52059B9D6006D9E25 /* Season.swift in Sources */ = {isa = PBXBuildFile; fileRef = 286F08B42059B9D6006D9E25 /* Season.swift */; };
		286F08B72059BE51006D9E25 /* Episode.swift in Sources */ = {isa = PBXBuildFile; fileRef = 286F08B62059BE51006D9E25 /* Episode.swift */; };
		286F08B92059CAD6006D9E25 /* EpisodeTests.swift in Sources */ = {isa = PBXBuildFile; fileRef = 286F08B82059CAD6006D9E25 /* EpisodeTests.swift */; };
		286F08BC2059E61C006D9E25 /* SeasonListViewController.swift in Sources */ = {isa = PBXBuildFile; fileRef = 286F08BA2059E61C006D9E25 /* SeasonListViewController.swift */; };
		286F08BD2059E61C006D9E25 /* SeasonListViewController.xib in Resources */ = {isa = PBXBuildFile; fileRef = 286F08BB2059E61C006D9E25 /* SeasonListViewController.xib */; };
		286F08C0205AE390006D9E25 /* SeasonDetailViewController.swift in Sources */ = {isa = PBXBuildFile; fileRef = 286F08BE205AE390006D9E25 /* SeasonDetailViewController.swift */; };
		286F08C1205AE390006D9E25 /* SeasonDetailViewController.xib in Resources */ = {isa = PBXBuildFile; fileRef = 286F08BF205AE390006D9E25 /* SeasonDetailViewController.xib */; };
		286F08C4205B08BB006D9E25 /* EpisodeListViewController.swift in Sources */ = {isa = PBXBuildFile; fileRef = 286F08C2205B08BB006D9E25 /* EpisodeListViewController.swift */; };
		286F08C5205B08BB006D9E25 /* EpisodeListViewController.xib in Resources */ = {isa = PBXBuildFile; fileRef = 286F08C3205B08BB006D9E25 /* EpisodeListViewController.xib */; };
		286F08C8205B0CD1006D9E25 /* EpisodeDetailViewController.swift in Sources */ = {isa = PBXBuildFile; fileRef = 286F08C6205B0CD1006D9E25 /* EpisodeDetailViewController.swift */; };
		286F08C9205B0CD1006D9E25 /* EpisodeDetailViewController.xib in Resources */ = {isa = PBXBuildFile; fileRef = 286F08C7205B0CD1006D9E25 /* EpisodeDetailViewController.xib */; };
		28D30CA1203645C1004F1F82 /* AppDelegate.swift in Sources */ = {isa = PBXBuildFile; fileRef = 28D30CA0203645C1004F1F82 /* AppDelegate.swift */; };
		28D30CA8203645C1004F1F82 /* Assets.xcassets in Resources */ = {isa = PBXBuildFile; fileRef = 28D30CA7203645C1004F1F82 /* Assets.xcassets */; };
		28D30CAB203645C1004F1F82 /* LaunchScreen.storyboard in Resources */ = {isa = PBXBuildFile; fileRef = 28D30CA9203645C1004F1F82 /* LaunchScreen.storyboard */; };
		28D30CC120365178004F1F82 /* HouseTests.swift in Sources */ = {isa = PBXBuildFile; fileRef = 28D30CC020365178004F1F82 /* HouseTests.swift */; };
		28D30CC32036532F004F1F82 /* House.swift in Sources */ = {isa = PBXBuildFile; fileRef = 28D30CC22036532F004F1F82 /* House.swift */; };
		28D30CC5203E0CBB004F1F82 /* PersonTests.swift in Sources */ = {isa = PBXBuildFile; fileRef = 28D30CC4203E0CBB004F1F82 /* PersonTests.swift */; };
		28D30CC8203E0D22004F1F82 /* Person.swift in Sources */ = {isa = PBXBuildFile; fileRef = 28D30CC7203E0D22004F1F82 /* Person.swift */; };
/* End PBXBuildFile section */

/* Begin PBXContainerItemProxy section */
		28D30CB2203645C2004F1F82 /* PBXContainerItemProxy */ = {
			isa = PBXContainerItemProxy;
			containerPortal = 28D30C95203645C1004F1F82 /* Project object */;
			proxyType = 1;
			remoteGlobalIDString = 28D30C9C203645C1004F1F82;
			remoteInfo = Westeros;
		};
/* End PBXContainerItemProxy section */

/* Begin PBXFileReference section */
		2809FAB82049F4D800C1A8FD /* codeIsComing.png */ = {isa = PBXFileReference; lastKnownFileType = image.png; path = codeIsComing.png; sourceTree = "<group>"; };
		2809FAB92049F4D800C1A8FD /* lannister.jpg */ = {isa = PBXFileReference; lastKnownFileType = image.jpeg; path = lannister.jpg; sourceTree = "<group>"; };
		2809FABA2049F4D800C1A8FD /* targaryenSmall.jpg */ = {isa = PBXFileReference; lastKnownFileType = image.jpeg; path = targaryenSmall.jpg; sourceTree = "<group>"; };
		2809FABF2049F98800C1A8FD /* HouseDetailViewController.swift */ = {isa = PBXFileReference; lastKnownFileType = sourcecode.swift; path = HouseDetailViewController.swift; sourceTree = "<group>"; };
		2809FAC02049F98800C1A8FD /* HouseDetailViewController.xib */ = {isa = PBXFileReference; lastKnownFileType = file.xib; path = HouseDetailViewController.xib; sourceTree = "<group>"; };
		2809FAC7204DD88500C1A8FD /* UIViewController+Additions.swift */ = {isa = PBXFileReference; lastKnownFileType = sourcecode.swift; path = "UIViewController+Additions.swift"; sourceTree = "<group>"; };
		2809FAC9204DDCFA00C1A8FD /* RepositoryTests.swift */ = {isa = PBXFileReference; lastKnownFileType = sourcecode.swift; path = RepositoryTests.swift; sourceTree = "<group>"; };
		2809FACB204DDDF100C1A8FD /* Repository.swift */ = {isa = PBXFileReference; lastKnownFileType = sourcecode.swift; path = Repository.swift; sourceTree = "<group>"; };
		282722BF204F4D090077A9A7 /* WikiViewController.swift */ = {isa = PBXFileReference; lastKnownFileType = sourcecode.swift; path = WikiViewController.swift; sourceTree = "<group>"; };
		282722C0204F4D090077A9A7 /* WikiViewController.xib */ = {isa = PBXFileReference; lastKnownFileType = file.xib; path = WikiViewController.xib; sourceTree = "<group>"; };
		282722C32050705F0077A9A7 /* HouseListTableViewController.swift */ = {isa = PBXFileReference; lastKnownFileType = sourcecode.swift; path = HouseListTableViewController.swift; sourceTree = "<group>"; };
		282722C42050705F0077A9A7 /* HouseListTableViewController.xib */ = {isa = PBXFileReference; lastKnownFileType = file.xib; path = HouseListTableViewController.xib; sourceTree = "<group>"; };
		282722C72051D6090077A9A7 /* MemberListViewController.swift */ = {isa = PBXFileReference; lastKnownFileType = sourcecode.swift; path = MemberListViewController.swift; sourceTree = "<group>"; };
		282722C82051D6090077A9A7 /* MemberListViewController.xib */ = {isa = PBXFileReference; lastKnownFileType = file.xib; path = MemberListViewController.xib; sourceTree = "<group>"; };
		286F08B22059B83A006D9E25 /* SeasonTests.swift */ = {isa = PBXFileReference; lastKnownFileType = sourcecode.swift; path = SeasonTests.swift; sourceTree = "<group>"; };
		286F08B42059B9D6006D9E25 /* Season.swift */ = {isa = PBXFileReference; lastKnownFileType = sourcecode.swift; path = Season.swift; sourceTree = "<group>"; };
		286F08B62059BE51006D9E25 /* Episode.swift */ = {isa = PBXFileReference; lastKnownFileType = sourcecode.swift; path = Episode.swift; sourceTree = "<group>"; };
		286F08B82059CAD6006D9E25 /* EpisodeTests.swift */ = {isa = PBXFileReference; lastKnownFileType = sourcecode.swift; path = EpisodeTests.swift; sourceTree = "<group>"; };
		286F08BA2059E61C006D9E25 /* SeasonListViewController.swift */ = {isa = PBXFileReference; lastKnownFileType = sourcecode.swift; path = SeasonListViewController.swift; sourceTree = "<group>"; };
		286F08BB2059E61C006D9E25 /* SeasonListViewController.xib */ = {isa = PBXFileReference; lastKnownFileType = file.xib; path = SeasonListViewController.xib; sourceTree = "<group>"; };
		286F08BE205AE390006D9E25 /* SeasonDetailViewController.swift */ = {isa = PBXFileReference; lastKnownFileType = sourcecode.swift; path = SeasonDetailViewController.swift; sourceTree = "<group>"; };
		286F08BF205AE390006D9E25 /* SeasonDetailViewController.xib */ = {isa = PBXFileReference; lastKnownFileType = file.xib; path = SeasonDetailViewController.xib; sourceTree = "<group>"; };
		286F08C2205B08BB006D9E25 /* EpisodeListViewController.swift */ = {isa = PBXFileReference; lastKnownFileType = sourcecode.swift; path = EpisodeListViewController.swift; sourceTree = "<group>"; };
		286F08C3205B08BB006D9E25 /* EpisodeListViewController.xib */ = {isa = PBXFileReference; lastKnownFileType = file.xib; path = EpisodeListViewController.xib; sourceTree = "<group>"; };
		286F08C6205B0CD1006D9E25 /* EpisodeDetailViewController.swift */ = {isa = PBXFileReference; lastKnownFileType = sourcecode.swift; path = EpisodeDetailViewController.swift; sourceTree = "<group>"; };
		286F08C7205B0CD1006D9E25 /* EpisodeDetailViewController.xib */ = {isa = PBXFileReference; lastKnownFileType = file.xib; path = EpisodeDetailViewController.xib; sourceTree = "<group>"; };
		28D30C9D203645C1004F1F82 /* Westeros.app */ = {isa = PBXFileReference; explicitFileType = wrapper.application; includeInIndex = 0; path = Westeros.app; sourceTree = BUILT_PRODUCTS_DIR; };
		28D30CA0203645C1004F1F82 /* AppDelegate.swift */ = {isa = PBXFileReference; lastKnownFileType = sourcecode.swift; path = AppDelegate.swift; sourceTree = "<group>"; };
		28D30CA7203645C1004F1F82 /* Assets.xcassets */ = {isa = PBXFileReference; lastKnownFileType = folder.assetcatalog; path = Assets.xcassets; sourceTree = "<group>"; };
		28D30CAA203645C1004F1F82 /* Base */ = {isa = PBXFileReference; lastKnownFileType = file.storyboard; name = Base; path = Base.lproj/LaunchScreen.storyboard; sourceTree = "<group>"; };
		28D30CAC203645C1004F1F82 /* Info.plist */ = {isa = PBXFileReference; lastKnownFileType = text.plist.xml; path = Info.plist; sourceTree = "<group>"; };
		28D30CB1203645C2004F1F82 /* WesterosTests.xctest */ = {isa = PBXFileReference; explicitFileType = wrapper.cfbundle; includeInIndex = 0; path = WesterosTests.xctest; sourceTree = BUILT_PRODUCTS_DIR; };
		28D30CB7203645C2004F1F82 /* Info.plist */ = {isa = PBXFileReference; lastKnownFileType = text.plist.xml; path = Info.plist; sourceTree = "<group>"; };
		28D30CC020365178004F1F82 /* HouseTests.swift */ = {isa = PBXFileReference; lastKnownFileType = sourcecode.swift; path = HouseTests.swift; sourceTree = "<group>"; };
		28D30CC22036532F004F1F82 /* House.swift */ = {isa = PBXFileReference; lastKnownFileType = sourcecode.swift; path = House.swift; sourceTree = "<group>"; };
		28D30CC4203E0CBB004F1F82 /* PersonTests.swift */ = {isa = PBXFileReference; lastKnownFileType = sourcecode.swift; path = PersonTests.swift; sourceTree = "<group>"; };
		28D30CC7203E0D22004F1F82 /* Person.swift */ = {isa = PBXFileReference; lastKnownFileType = sourcecode.swift; path = Person.swift; sourceTree = "<group>"; };
/* End PBXFileReference section */

/* Begin PBXFrameworksBuildPhase section */
		28D30C9A203645C1004F1F82 /* Frameworks */ = {
			isa = PBXFrameworksBuildPhase;
			buildActionMask = 2147483647;
			files = (
			);
			runOnlyForDeploymentPostprocessing = 0;
		};
		28D30CAE203645C2004F1F82 /* Frameworks */ = {
			isa = PBXFrameworksBuildPhase;
			buildActionMask = 2147483647;
			files = (
			);
			runOnlyForDeploymentPostprocessing = 0;
		};
/* End PBXFrameworksBuildPhase section */

/* Begin PBXGroup section */
		2809FABE2049F51500C1A8FD /* Assets */ = {
			isa = PBXGroup;
			children = (
				2809FAB82049F4D800C1A8FD /* codeIsComing.png */,
				2809FAB92049F4D800C1A8FD /* lannister.jpg */,
				2809FABA2049F4D800C1A8FD /* targaryenSmall.jpg */,
			);
			path = Assets;
			sourceTree = "<group>";
		};
		2809FAC32049F99500C1A8FD /* Controllers */ = {
			isa = PBXGroup;
			children = (
				2809FABF2049F98800C1A8FD /* HouseDetailViewController.swift */,
				2809FAC02049F98800C1A8FD /* HouseDetailViewController.xib */,
				282722BF204F4D090077A9A7 /* WikiViewController.swift */,
				282722C0204F4D090077A9A7 /* WikiViewController.xib */,
				282722C32050705F0077A9A7 /* HouseListTableViewController.swift */,
				282722C42050705F0077A9A7 /* HouseListTableViewController.xib */,
				282722C72051D6090077A9A7 /* MemberListViewController.swift */,
				282722C82051D6090077A9A7 /* MemberListViewController.xib */,
				286F08BA2059E61C006D9E25 /* SeasonListViewController.swift */,
				286F08BB2059E61C006D9E25 /* SeasonListViewController.xib */,
				286F08BE205AE390006D9E25 /* SeasonDetailViewController.swift */,
				286F08BF205AE390006D9E25 /* SeasonDetailViewController.xib */,
				286F08C2205B08BB006D9E25 /* EpisodeListViewController.swift */,
				286F08C3205B08BB006D9E25 /* EpisodeListViewController.xib */,
				286F08C6205B0CD1006D9E25 /* EpisodeDetailViewController.swift */,
				286F08C7205B0CD1006D9E25 /* EpisodeDetailViewController.xib */,
			);
			path = Controllers;
			sourceTree = "<group>";
		};
		2809FAC4204DD81200C1A8FD /* UIKitExtensions */ = {
			isa = PBXGroup;
			children = (
				2809FAC7204DD88500C1A8FD /* UIViewController+Additions.swift */,
			);
			path = UIKitExtensions;
			sourceTree = "<group>";
		};
		28D30C94203645C1004F1F82 = {
			isa = PBXGroup;
			children = (
				28D30C9F203645C1004F1F82 /* Westeros */,
				28D30CB4203645C2004F1F82 /* WesterosTests */,
				28D30C9E203645C1004F1F82 /* Products */,
			);
			sourceTree = "<group>";
		};
		28D30C9E203645C1004F1F82 /* Products */ = {
			isa = PBXGroup;
			children = (
				28D30C9D203645C1004F1F82 /* Westeros.app */,
				28D30CB1203645C2004F1F82 /* WesterosTests.xctest */,
			);
			name = Products;
			sourceTree = "<group>";
		};
		28D30C9F203645C1004F1F82 /* Westeros */ = {
			isa = PBXGroup;
			children = (
				2809FAC4204DD81200C1A8FD /* UIKitExtensions */,
				2809FAC32049F99500C1A8FD /* Controllers */,
				2809FABE2049F51500C1A8FD /* Assets */,
				28D30CC6203E0D0B004F1F82 /* Domain */,
				28D30CA0203645C1004F1F82 /* AppDelegate.swift */,
				28D30CA7203645C1004F1F82 /* Assets.xcassets */,
				28D30CA9203645C1004F1F82 /* LaunchScreen.storyboard */,
				28D30CAC203645C1004F1F82 /* Info.plist */,
			);
			path = Westeros;
			sourceTree = "<group>";
		};
		28D30CB4203645C2004F1F82 /* WesterosTests */ = {
			isa = PBXGroup;
			children = (
				28D30CB7203645C2004F1F82 /* Info.plist */,
				28D30CC020365178004F1F82 /* HouseTests.swift */,
				28D30CC4203E0CBB004F1F82 /* PersonTests.swift */,
				2809FAC9204DDCFA00C1A8FD /* RepositoryTests.swift */,
				286F08B22059B83A006D9E25 /* SeasonTests.swift */,
				286F08B82059CAD6006D9E25 /* EpisodeTests.swift */,
			);
			path = WesterosTests;
			sourceTree = "<group>";
		};
		28D30CC6203E0D0B004F1F82 /* Domain */ = {
			isa = PBXGroup;
			children = (
				28D30CC22036532F004F1F82 /* House.swift */,
				28D30CC7203E0D22004F1F82 /* Person.swift */,
				2809FACB204DDDF100C1A8FD /* Repository.swift */,
				286F08B42059B9D6006D9E25 /* Season.swift */,
				286F08B62059BE51006D9E25 /* Episode.swift */,
			);
			path = Domain;
			sourceTree = "<group>";
		};
/* End PBXGroup section */

/* Begin PBXNativeTarget section */
		28D30C9C203645C1004F1F82 /* Westeros */ = {
			isa = PBXNativeTarget;
			buildConfigurationList = 28D30CBA203645C2004F1F82 /* Build configuration list for PBXNativeTarget "Westeros" */;
			buildPhases = (
				28D30C99203645C1004F1F82 /* Sources */,
				28D30C9A203645C1004F1F82 /* Frameworks */,
				28D30C9B203645C1004F1F82 /* Resources */,
			);
			buildRules = (
			);
			dependencies = (
			);
			name = Westeros;
			productName = Westeros;
			productReference = 28D30C9D203645C1004F1F82 /* Westeros.app */;
			productType = "com.apple.product-type.application";
		};
		28D30CB0203645C2004F1F82 /* WesterosTests */ = {
			isa = PBXNativeTarget;
			buildConfigurationList = 28D30CBD203645C2004F1F82 /* Build configuration list for PBXNativeTarget "WesterosTests" */;
			buildPhases = (
				28D30CAD203645C2004F1F82 /* Sources */,
				28D30CAE203645C2004F1F82 /* Frameworks */,
				28D30CAF203645C2004F1F82 /* Resources */,
			);
			buildRules = (
			);
			dependencies = (
				28D30CB3203645C2004F1F82 /* PBXTargetDependency */,
			);
			name = WesterosTests;
			productName = WesterosTests;
			productReference = 28D30CB1203645C2004F1F82 /* WesterosTests.xctest */;
			productType = "com.apple.product-type.bundle.unit-test";
		};
/* End PBXNativeTarget section */

/* Begin PBXProject section */
		28D30C95203645C1004F1F82 /* Project object */ = {
			isa = PBXProject;
			attributes = {
				LastSwiftUpdateCheck = 0920;
				LastUpgradeCheck = 0920;
				ORGANIZATIONNAME = cherran;
				TargetAttributes = {
					28D30C9C203645C1004F1F82 = {
						CreatedOnToolsVersion = 9.2;
						ProvisioningStyle = Automatic;
					};
					28D30CB0203645C2004F1F82 = {
						CreatedOnToolsVersion = 9.2;
						ProvisioningStyle = Automatic;
						TestTargetID = 28D30C9C203645C1004F1F82;
					};
				};
			};
			buildConfigurationList = 28D30C98203645C1004F1F82 /* Build configuration list for PBXProject "Westeros" */;
			compatibilityVersion = "Xcode 8.0";
			developmentRegion = en;
			hasScannedForEncodings = 0;
			knownRegions = (
				en,
				Base,
			);
			mainGroup = 28D30C94203645C1004F1F82;
			productRefGroup = 28D30C9E203645C1004F1F82 /* Products */;
			projectDirPath = "";
			projectRoot = "";
			targets = (
				28D30C9C203645C1004F1F82 /* Westeros */,
				28D30CB0203645C2004F1F82 /* WesterosTests */,
			);
		};
/* End PBXProject section */

/* Begin PBXResourcesBuildPhase section */
		28D30C9B203645C1004F1F82 /* Resources */ = {
			isa = PBXResourcesBuildPhase;
			buildActionMask = 2147483647;
			files = (
				282722C62050705F0077A9A7 /* HouseListTableViewController.xib in Resources */,
				2809FABC2049F4D800C1A8FD /* lannister.jpg in Resources */,
				286F08C1205AE390006D9E25 /* SeasonDetailViewController.xib in Resources */,
				282722C2204F4D090077A9A7 /* WikiViewController.xib in Resources */,
				2809FABD2049F4D800C1A8FD /* targaryenSmall.jpg in Resources */,
				282722CA2051D6090077A9A7 /* MemberListViewController.xib in Resources */,
				286F08C5205B08BB006D9E25 /* EpisodeListViewController.xib in Resources */,
				286F08BD2059E61C006D9E25 /* SeasonListViewController.xib in Resources */,
				2809FAC22049F98800C1A8FD /* HouseDetailViewController.xib in Resources */,
				2809FABB2049F4D800C1A8FD /* codeIsComing.png in Resources */,
				286F08C9205B0CD1006D9E25 /* EpisodeDetailViewController.xib in Resources */,
				28D30CAB203645C1004F1F82 /* LaunchScreen.storyboard in Resources */,
				28D30CA8203645C1004F1F82 /* Assets.xcassets in Resources */,
			);
			runOnlyForDeploymentPostprocessing = 0;
		};
		28D30CAF203645C2004F1F82 /* Resources */ = {
			isa = PBXResourcesBuildPhase;
			buildActionMask = 2147483647;
			files = (
			);
			runOnlyForDeploymentPostprocessing = 0;
		};
/* End PBXResourcesBuildPhase section */

/* Begin PBXSourcesBuildPhase section */
		28D30C99203645C1004F1F82 /* Sources */ = {
			isa = PBXSourcesBuildPhase;
			buildActionMask = 2147483647;
			files = (
				2809FAC12049F98800C1A8FD /* HouseDetailViewController.swift in Sources */,
				286F08BC2059E61C006D9E25 /* SeasonListViewController.swift in Sources */,
				286F08C0205AE390006D9E25 /* SeasonDetailViewController.swift in Sources */,
				28D30CC8203E0D22004F1F82 /* Person.swift in Sources */,
				286F08B52059B9D6006D9E25 /* Season.swift in Sources */,
				28D30CC32036532F004F1F82 /* House.swift in Sources */,
				2809FAC8204DD88500C1A8FD /* UIViewController+Additions.swift in Sources */,
				286F08B72059BE51006D9E25 /* Episode.swift in Sources */,
				286F08C4205B08BB006D9E25 /* EpisodeListViewController.swift in Sources */,
				282722C52050705F0077A9A7 /* HouseListTableViewController.swift in Sources */,
				286F08C8205B0CD1006D9E25 /* EpisodeDetailViewController.swift in Sources */,
				28D30CA1203645C1004F1F82 /* AppDelegate.swift in Sources */,
				2809FACC204DDDF100C1A8FD /* Repository.swift in Sources */,
				282722C1204F4D090077A9A7 /* WikiViewController.swift in Sources */,
				282722C92051D6090077A9A7 /* MemberListViewController.swift in Sources */,
			);
			runOnlyForDeploymentPostprocessing = 0;
		};
		28D30CAD203645C2004F1F82 /* Sources */ = {
			isa = PBXSourcesBuildPhase;
			buildActionMask = 2147483647;
			files = (
				286F08B32059B83A006D9E25 /* SeasonTests.swift in Sources */,
				28D30CC120365178004F1F82 /* HouseTests.swift in Sources */,
				28D30CC5203E0CBB004F1F82 /* PersonTests.swift in Sources */,
				286F08B92059CAD6006D9E25 /* EpisodeTests.swift in Sources */,
				2809FACA204DDCFA00C1A8FD /* RepositoryTests.swift in Sources */,
			);
			runOnlyForDeploymentPostprocessing = 0;
		};
/* End PBXSourcesBuildPhase section */

/* Begin PBXTargetDependency section */
		28D30CB3203645C2004F1F82 /* PBXTargetDependency */ = {
			isa = PBXTargetDependency;
			target = 28D30C9C203645C1004F1F82 /* Westeros */;
			targetProxy = 28D30CB2203645C2004F1F82 /* PBXContainerItemProxy */;
		};
/* End PBXTargetDependency section */

/* Begin PBXVariantGroup section */
		28D30CA9203645C1004F1F82 /* LaunchScreen.storyboard */ = {
			isa = PBXVariantGroup;
			children = (
				28D30CAA203645C1004F1F82 /* Base */,
			);
			name = LaunchScreen.storyboard;
			sourceTree = "<group>";
		};
/* End PBXVariantGroup section */

/* Begin XCBuildConfiguration section */
		28D30CB8203645C2004F1F82 /* Debug */ = {
			isa = XCBuildConfiguration;
			buildSettings = {
				ALWAYS_SEARCH_USER_PATHS = NO;
				CLANG_ANALYZER_NONNULL = YES;
				CLANG_ANALYZER_NUMBER_OBJECT_CONVERSION = YES_AGGRESSIVE;
				CLANG_CXX_LANGUAGE_STANDARD = "gnu++14";
				CLANG_CXX_LIBRARY = "libc++";
				CLANG_ENABLE_MODULES = YES;
				CLANG_ENABLE_OBJC_ARC = YES;
				CLANG_WARN_BLOCK_CAPTURE_AUTORELEASING = YES;
				CLANG_WARN_BOOL_CONVERSION = YES;
				CLANG_WARN_COMMA = YES;
				CLANG_WARN_CONSTANT_CONVERSION = YES;
				CLANG_WARN_DIRECT_OBJC_ISA_USAGE = YES_ERROR;
				CLANG_WARN_DOCUMENTATION_COMMENTS = YES;
				CLANG_WARN_EMPTY_BODY = YES;
				CLANG_WARN_ENUM_CONVERSION = YES;
				CLANG_WARN_INFINITE_RECURSION = YES;
				CLANG_WARN_INT_CONVERSION = YES;
				CLANG_WARN_NON_LITERAL_NULL_CONVERSION = YES;
				CLANG_WARN_OBJC_LITERAL_CONVERSION = YES;
				CLANG_WARN_OBJC_ROOT_CLASS = YES_ERROR;
				CLANG_WARN_RANGE_LOOP_ANALYSIS = YES;
				CLANG_WARN_STRICT_PROTOTYPES = YES;
				CLANG_WARN_SUSPICIOUS_MOVE = YES;
				CLANG_WARN_UNGUARDED_AVAILABILITY = YES_AGGRESSIVE;
				CLANG_WARN_UNREACHABLE_CODE = YES;
				CLANG_WARN__DUPLICATE_METHOD_MATCH = YES;
				CODE_SIGN_IDENTITY = "iPhone Developer";
				COPY_PHASE_STRIP = NO;
				DEBUG_INFORMATION_FORMAT = dwarf;
				ENABLE_STRICT_OBJC_MSGSEND = YES;
				ENABLE_TESTABILITY = YES;
				GCC_C_LANGUAGE_STANDARD = gnu11;
				GCC_DYNAMIC_NO_PIC = NO;
				GCC_NO_COMMON_BLOCKS = YES;
				GCC_OPTIMIZATION_LEVEL = 0;
				GCC_PREPROCESSOR_DEFINITIONS = (
					"DEBUG=1",
					"$(inherited)",
				);
				GCC_WARN_64_TO_32_BIT_CONVERSION = YES;
				GCC_WARN_ABOUT_RETURN_TYPE = YES_ERROR;
				GCC_WARN_UNDECLARED_SELECTOR = YES;
				GCC_WARN_UNINITIALIZED_AUTOS = YES_AGGRESSIVE;
				GCC_WARN_UNUSED_FUNCTION = YES;
				GCC_WARN_UNUSED_VARIABLE = YES;
				IPHONEOS_DEPLOYMENT_TARGET = 11.2;
				MTL_ENABLE_DEBUG_INFO = YES;
				ONLY_ACTIVE_ARCH = YES;
				SDKROOT = iphoneos;
				SWIFT_ACTIVE_COMPILATION_CONDITIONS = DEBUG;
				SWIFT_OPTIMIZATION_LEVEL = "-Onone";
			};
			name = Debug;
		};
		28D30CB9203645C2004F1F82 /* Release */ = {
			isa = XCBuildConfiguration;
			buildSettings = {
				ALWAYS_SEARCH_USER_PATHS = NO;
				CLANG_ANALYZER_NONNULL = YES;
				CLANG_ANALYZER_NUMBER_OBJECT_CONVERSION = YES_AGGRESSIVE;
				CLANG_CXX_LANGUAGE_STANDARD = "gnu++14";
				CLANG_CXX_LIBRARY = "libc++";
				CLANG_ENABLE_MODULES = YES;
				CLANG_ENABLE_OBJC_ARC = YES;
				CLANG_WARN_BLOCK_CAPTURE_AUTORELEASING = YES;
				CLANG_WARN_BOOL_CONVERSION = YES;
				CLANG_WARN_COMMA = YES;
				CLANG_WARN_CONSTANT_CONVERSION = YES;
				CLANG_WARN_DIRECT_OBJC_ISA_USAGE = YES_ERROR;
				CLANG_WARN_DOCUMENTATION_COMMENTS = YES;
				CLANG_WARN_EMPTY_BODY = YES;
				CLANG_WARN_ENUM_CONVERSION = YES;
				CLANG_WARN_INFINITE_RECURSION = YES;
				CLANG_WARN_INT_CONVERSION = YES;
				CLANG_WARN_NON_LITERAL_NULL_CONVERSION = YES;
				CLANG_WARN_OBJC_LITERAL_CONVERSION = YES;
				CLANG_WARN_OBJC_ROOT_CLASS = YES_ERROR;
				CLANG_WARN_RANGE_LOOP_ANALYSIS = YES;
				CLANG_WARN_STRICT_PROTOTYPES = YES;
				CLANG_WARN_SUSPICIOUS_MOVE = YES;
				CLANG_WARN_UNGUARDED_AVAILABILITY = YES_AGGRESSIVE;
				CLANG_WARN_UNREACHABLE_CODE = YES;
				CLANG_WARN__DUPLICATE_METHOD_MATCH = YES;
				CODE_SIGN_IDENTITY = "iPhone Developer";
				COPY_PHASE_STRIP = NO;
				DEBUG_INFORMATION_FORMAT = "dwarf-with-dsym";
				ENABLE_NS_ASSERTIONS = NO;
				ENABLE_STRICT_OBJC_MSGSEND = YES;
				GCC_C_LANGUAGE_STANDARD = gnu11;
				GCC_NO_COMMON_BLOCKS = YES;
				GCC_WARN_64_TO_32_BIT_CONVERSION = YES;
				GCC_WARN_ABOUT_RETURN_TYPE = YES_ERROR;
				GCC_WARN_UNDECLARED_SELECTOR = YES;
				GCC_WARN_UNINITIALIZED_AUTOS = YES_AGGRESSIVE;
				GCC_WARN_UNUSED_FUNCTION = YES;
				GCC_WARN_UNUSED_VARIABLE = YES;
				IPHONEOS_DEPLOYMENT_TARGET = 11.2;
				MTL_ENABLE_DEBUG_INFO = NO;
				SDKROOT = iphoneos;
				SWIFT_OPTIMIZATION_LEVEL = "-Owholemodule";
				VALIDATE_PRODUCT = YES;
			};
			name = Release;
		};
		28D30CBB203645C2004F1F82 /* Debug */ = {
			isa = XCBuildConfiguration;
			buildSettings = {
				ASSETCATALOG_COMPILER_APPICON_NAME = AppIcon;
				CODE_SIGN_STYLE = Automatic;
				INFOPLIST_FILE = Westeros/Info.plist;
				LD_RUNPATH_SEARCH_PATHS = "$(inherited) @executable_path/Frameworks";
				PRODUCT_BUNDLE_IDENTIFIER = dev.cherran.Westeros;
				PRODUCT_NAME = "$(TARGET_NAME)";
				SWIFT_VERSION = 4.0;
				TARGETED_DEVICE_FAMILY = "1,2";
			};
			name = Debug;
		};
		28D30CBC203645C2004F1F82 /* Release */ = {
			isa = XCBuildConfiguration;
			buildSettings = {
				ASSETCATALOG_COMPILER_APPICON_NAME = AppIcon;
				CODE_SIGN_STYLE = Automatic;
				INFOPLIST_FILE = Westeros/Info.plist;
				LD_RUNPATH_SEARCH_PATHS = "$(inherited) @executable_path/Frameworks";
				PRODUCT_BUNDLE_IDENTIFIER = dev.cherran.Westeros;
				PRODUCT_NAME = "$(TARGET_NAME)";
				SWIFT_VERSION = 4.0;
				TARGETED_DEVICE_FAMILY = "1,2";
			};
			name = Release;
		};
		28D30CBE203645C2004F1F82 /* Debug */ = {
			isa = XCBuildConfiguration;
			buildSettings = {
				ALWAYS_EMBED_SWIFT_STANDARD_LIBRARIES = YES;
				BUNDLE_LOADER = "$(TEST_HOST)";
				CODE_SIGN_STYLE = Automatic;
				INFOPLIST_FILE = WesterosTests/Info.plist;
				LD_RUNPATH_SEARCH_PATHS = "$(inherited) @executable_path/Frameworks @loader_path/Frameworks";
				PRODUCT_BUNDLE_IDENTIFIER = dev.cherran.WesterosTests;
				PRODUCT_NAME = "$(TARGET_NAME)";
				SWIFT_VERSION = 4.0;
				TARGETED_DEVICE_FAMILY = "1,2";
				TEST_HOST = "$(BUILT_PRODUCTS_DIR)/Westeros.app/Westeros";
			};
			name = Debug;
		};
		28D30CBF203645C2004F1F82 /* Release */ = {
			isa = XCBuildConfiguration;
			buildSettings = {
				ALWAYS_EMBED_SWIFT_STANDARD_LIBRARIES = YES;
				BUNDLE_LOADER = "$(TEST_HOST)";
				CODE_SIGN_STYLE = Automatic;
				INFOPLIST_FILE = WesterosTests/Info.plist;
				LD_RUNPATH_SEARCH_PATHS = "$(inherited) @executable_path/Frameworks @loader_path/Frameworks";
				PRODUCT_BUNDLE_IDENTIFIER = dev.cherran.WesterosTests;
				PRODUCT_NAME = "$(TARGET_NAME)";
				SWIFT_VERSION = 4.0;
				TARGETED_DEVICE_FAMILY = "1,2";
				TEST_HOST = "$(BUILT_PRODUCTS_DIR)/Westeros.app/Westeros";
			};
			name = Release;
		};
/* End XCBuildConfiguration section */

/* Begin XCConfigurationList section */
		28D30C98203645C1004F1F82 /* Build configuration list for PBXProject "Westeros" */ = {
			isa = XCConfigurationList;
			buildConfigurations = (
				28D30CB8203645C2004F1F82 /* Debug */,
				28D30CB9203645C2004F1F82 /* Release */,
			);
			defaultConfigurationIsVisible = 0;
			defaultConfigurationName = Release;
		};
		28D30CBA203645C2004F1F82 /* Build configuration list for PBXNativeTarget "Westeros" */ = {
			isa = XCConfigurationList;
			buildConfigurations = (
				28D30CBB203645C2004F1F82 /* Debug */,
				28D30CBC203645C2004F1F82 /* Release */,
			);
			defaultConfigurationIsVisible = 0;
			defaultConfigurationName = Release;
		};
		28D30CBD203645C2004F1F82 /* Build configuration list for PBXNativeTarget "WesterosTests" */ = {
			isa = XCConfigurationList;
			buildConfigurations = (
				28D30CBE203645C2004F1F82 /* Debug */,
				28D30CBF203645C2004F1F82 /* Release */,
			);
			defaultConfigurationIsVisible = 0;
			defaultConfigurationName = Release;
		};
/* End XCConfigurationList section */
	};
	rootObject = 28D30C95203645C1004F1F82 /* Project object */;
}
